PODS:
  - CocoaAsyncSocket (7.6.3)
  - hero-ios (1.1.50):
    - KTVCocoaHTTPServer
    - MJRefresh
    - Objective-LevelDB
    - SBJson (~> 4.0.2)
    - UICKeyChainStore
  - KTVCocoaHTTPServer (1.0.0):
    - CocoaAsyncSocket
  - leveldb-library (1.18.3)
  - MJRefresh (3.1.15.7)
  - Objective-LevelDB (2.1.5):
    - leveldb-library (~> 1.18.2)
  - SBJson (4.0.5)
  - UICKeyChainStore (2.1.2)

DEPENDENCIES:
  - hero-ios (from `../`)

SPEC REPOS:
  https://github.com/cocoapods/specs.git:
    - CocoaAsyncSocket
    - KTVCocoaHTTPServer
    - leveldb-library
    - MJRefresh
    - Objective-LevelDB
    - SBJson
    - UICKeyChainStore

EXTERNAL SOURCES:
  hero-ios:
    :path: "../"

SPEC CHECKSUMS:
  CocoaAsyncSocket: eafaa68a7e0ec99ead0a7b35015e0bf25d2c8987
  hero-ios: 8523fe669138b1c251e9a0175fd1821504e8318d
  KTVCocoaHTTPServer: df8d7b861e603ff8037e9b2138aca2563a6b768d
  leveldb-library: 10fb39c39e243db4af1828441162405bbcec1404
  MJRefresh: 697f8ec75ebdbe9207767bb682cf0f51b0d8a41f
  Objective-LevelDB: fa075efd9d0be645aee51847cc3ee70cdadb80ce
  SBJson: af3137ccda22be3004487524da0a071c75d4251b
  UICKeyChainStore: 85db518bb1d294366d15ec9b92a416c4e670518f

PODFILE CHECKSUM: 754b7d96526effc990f1f7092acfb2673b64ac3a

COCOAPODS: 1.5.3
